PODS:
  - COCameraImageHelper (0.0.1)

DEPENDENCIES:
  - COCameraImageHelper (from `https://github.com/carlosk/COCameraImageHelper`)

EXTERNAL SOURCES:
  COCameraImageHelper:
    :git: https://github.com/carlosk/COCameraImageHelper

SPEC CHECKSUMS:
  COCameraImageHelper: f659fb3c0c29ed1468914701e9408ac5cb78605b

COCOAPODS: 0.28.0
